// !$*UTF8*$!
{
	archiveVersion = 1;
	classes = {
	};
	objectVersion = 48;
	objects = {

/* Begin PBXBuildFile section */
		3A02C9D21F7164020014AF28 /* SetupServerViewController.swift in Sources */ = {isa = PBXBuildFile; fileRef = 3A02C9D11F7164020014AF28 /* SetupServerViewController.swift */; };
		3A09B3BF1F23BC010045CAA1 /* TerminalTextView.swift in Sources */ = {isa = PBXBuildFile; fileRef = 3A09B3BE1F23BC010045CAA1 /* TerminalTextView.swift */; };
		3A0FF2AF1F1EEB4600AF2D7A /* Timers.swift in Sources */ = {isa = PBXBuildFile; fileRef = 3A0FF2AE1F1EEB4600AF2D7A /* Timers.swift */; };
		3A1267D71F00207900049F6E /* GoogleMobileAds.framework in Frameworks */ = {isa = PBXBuildFile; fileRef = 3A1267D61F00207900049F6E /* GoogleMobileAds.framework */; };
		3A1C6CC51F2002D6001D551C /* ExportToBinaryActivity.swift in Sources */ = {isa = PBXBuildFile; fileRef = 3A1C6CC41F2002D6001D551C /* ExportToBinaryActivity.swift */; };
		3A2404221EFEC82F00C38D48 /* StoreViewController.swift in Sources */ = {isa = PBXBuildFile; fileRef = 3A2404211EFEC82F00C38D48 /* StoreViewController.swift */; };
		3A28B2F41F1E9863008A3D8B /* ThumbnailProvider.swift in Sources */ = {isa = PBXBuildFile; fileRef = 3A28B2F31F1E9863008A3D8B /* ThumbnailProvider.swift */; };
		3A3B0D3E1F0823EB00836D00 /* ServerErrorViewController.swift in Sources */ = {isa = PBXBuildFile; fileRef = 3A3B0D3D1F0823EB00836D00 /* ServerErrorViewController.swift */; };
		3A45264E1F75460800B57DF6 /* execThumbnail.appex in Embed App Extensions */ = {isa = PBXBuildFile; fileRef = 3A28B2F11F1E9863008A3D8B /* execThumbnail.appex */; settings = {ATTRIBUTES = (RemoveHeadersOnCopy, ); }; };
		3A4681DA1F881E80001FE6D4 /* White@2x.png in Resources */ = {isa = PBXBuildFile; fileRef = 3A2B90181F881963001130D5 /* White@2x.png */; };
		3A4681DB1F881E85001FE6D4 /* White@3x.png in Resources */ = {isa = PBXBuildFile; fileRef = 3A2B90171F881963001130D5 /* White@3x.png */; };
		3A4681DD1F891CA4001FE6D4 /* LaunchScreenViewController.swift in Sources */ = {isa = PBXBuildFile; fileRef = 3A4681DC1F891CA4001FE6D4 /* LaunchScreenViewController.swift */; };
		3A4681DF1F89499D001FE6D4 /* Theme.swift in Sources */ = {isa = PBXBuildFile; fileRef = 3A4681DE1F89499D001FE6D4 /* Theme.swift */; };
		3A579F751EFEB70700B4D209 /* AccountManager.swift in Sources */ = {isa = PBXBuildFile; fileRef = 3A579F741EFEB70700B4D209 /* AccountManager.swift */; };
		3A5858C71EFF1A4D0036B0AE /* StoreKit.framework in Frameworks */ = {isa = PBXBuildFile; fileRef = 3A5858C61EFF1A4D0036B0AE /* StoreKit.framework */; };
		3A64F52D1F11380A00C3EBF9 /* ExportToXcodeActivity.swift in Sources */ = {isa = PBXBuildFile; fileRef = 3A64F52C1F11380A00C3EBF9 /* ExportToXcodeActivity.swift */; };
		3A6873FC1F11B0F500FA0AF3 /* ExportToXcodeViewController.swift in Sources */ = {isa = PBXBuildFile; fileRef = 3A6873FB1F11B0F400FA0AF3 /* ExportToXcodeViewController.swift */; };
		3A6A34391F01C27D00ADC9E5 /* NMTerminalViewController.swift in Sources */ = {isa = PBXBuildFile; fileRef = 3A6A34381F01BD5B00ADC9E5 /* NMTerminalViewController.swift */; };
		3A6ED5D71F6D7F3000041AAE /* QRScanViewController.swift in Sources */ = {isa = PBXBuildFile; fileRef = 3A6ED5D61F6D7F3000041AAE /* QRScanViewController.swift */; };
		3A9017771F8AD55100EA6679 /* ErrorLoadingStoreViewController.swift in Sources */ = {isa = PBXBuildFile; fileRef = 3A9017761F8AD55100EA6679 /* ErrorLoadingStoreViewController.swift */; };
		3A95F51A1F86DA8C00461BE4 /* InstructionsViewController.swift in Sources */ = {isa = PBXBuildFile; fileRef = 3A95F5191F86DA8C00461BE4 /* InstructionsViewController.swift */; };
		3A9771151EED917D00E5E565 /* Samples in Resources */ = {isa = PBXBuildFile; fileRef = 3A9771141EED917D00E5E565 /* Samples */; };
		3A9F395C1F1BCE7600D48F02 /* Settings.bundle in Resources */ = {isa = PBXBuildFile; fileRef = 3A9F395B1F1BCE7600D48F02 /* Settings.bundle */; };
		3AB1A9EE1F1BE6CC000455F5 /* Server.swift in Sources */ = {isa = PBXBuildFile; fileRef = 3AB1A9ED1F1BE6CC000455F5 /* Server.swift */; };
		3AB9AE7E1EFDD0B3005B4BBE /* OrganizerTableViewController.swift in Sources */ = {isa = PBXBuildFile; fileRef = 3AB9AE7D1EFDD0B3005B4BBE /* OrganizerTableViewController.swift */; };
		3ABE08221F69A162009EDB16 /* MenuViewController.swift in Sources */ = {isa = PBXBuildFile; fileRef = 3ABE08211F69A162009EDB16 /* MenuViewController.swift */; };
		3AC2FBC41F2BCE7C00170AEE /* WebViewController.swift in Sources */ = {isa = PBXBuildFile; fileRef = 3AC2FBC31F2BCE7C00170AEE /* WebViewController.swift */; };
		3ACFA2EA1F74484B000EC9C5 /* Pods_fastSwift.framework in Frameworks */ = {isa = PBXBuildFile; fileRef = EFFB78DBF98A6DA978BBD92B /* Pods_fastSwift.framework */; };
		3AD07F631F1BF769003C47B2 /* SettingsViewController.swift in Sources */ = {isa = PBXBuildFile; fileRef = 3AD07F621F1BF769003C47B2 /* SettingsViewController.swift */; };
		3AD509C61F12845F007C79C4 /* ExportToXcodeHelpViewController.swift in Sources */ = {isa = PBXBuildFile; fileRef = 3AD509C51F12845E007C79C4 /* ExportToXcodeHelpViewController.swift */; };
		3AD5F8C11F745A2B0074D651 /* Licenses.md in Sources */ = {isa = PBXBuildFile; fileRef = 3AE628901F11BE4100A652F3 /* Licenses.md */; };
		3AD72C531EEC90EC000C80A9 /* AppDelegate.swift in Sources */ = {isa = PBXBuildFile; fileRef = 3AD72C521EEC90EC000C80A9 /* AppDelegate.swift */; };
		3AD72C551EEC90ED000C80A9 /* DocumentBrowserViewController.swift in Sources */ = {isa = PBXBuildFile; fileRef = 3AD72C541EEC90ED000C80A9 /* DocumentBrowserViewController.swift */; };
		3AD72C571EEC90ED000C80A9 /* DocumentViewController.swift in Sources */ = {isa = PBXBuildFile; fileRef = 3AD72C561EEC90ED000C80A9 /* DocumentViewController.swift */; };
		3AD72C591EEC90ED000C80A9 /* Document.swift in Sources */ = {isa = PBXBuildFile; fileRef = 3AD72C581EEC90ED000C80A9 /* Document.swift */; };
		3AD72C5C1EEC90ED000C80A9 /* Main.storyboard in Resources */ = {isa = PBXBuildFile; fileRef = 3AD72C5A1EEC90ED000C80A9 /* Main.storyboard */; };
		3AD72C5E1EEC90ED000C80A9 /* Assets.xcassets in Resources */ = {isa = PBXBuildFile; fileRef = 3AD72C5D1EEC90ED000C80A9 /* Assets.xcassets */; };
		3AD72C611EEC90ED000C80A9 /* LaunchScreen.storyboard in Resources */ = {isa = PBXBuildFile; fileRef = 3AD72C5F1EEC90ED000C80A9 /* LaunchScreen.storyboard */; };
		3AE628921F11BEC500A652F3 /* Licenses.md in Resources */ = {isa = PBXBuildFile; fileRef = 3AE628901F11BE4100A652F3 /* Licenses.md */; };
		3AF7E7771EF72B3600F80C6C /* Info.plist in Resources */ = {isa = PBXBuildFile; fileRef = 3AD72C621EEC90ED000C80A9 /* Info.plist */; };
		3AFB1E881EEDA18000FBCF73 /* AlertManager.swift in Sources */ = {isa = PBXBuildFile; fileRef = 3AFB1E871EEDA18000FBCF73 /* AlertManager.swift */; };
		3AFBC23D1F27CC72002A8081 /* PublishToStoreActivity.swift in Sources */ = {isa = PBXBuildFile; fileRef = 3AFBC23C1F27CC72002A8081 /* PublishToStoreActivity.swift */; };
/* End PBXBuildFile section */

/* Begin PBXContainerItemProxy section */
		3A45264F1F75460800B57DF6 /* PBXContainerItemProxy */ = {
			isa = PBXContainerItemProxy;
			containerPortal = 3AD72C471EEC90EC000C80A9 /* Project object */;
			proxyType = 1;
			remoteGlobalIDString = 3A28B2F01F1E9863008A3D8B;
			remoteInfo = execThumbnail;
		};
/* End PBXContainerItemProxy section */

/* Begin PBXCopyFilesBuildPhase section */
		3A4526511F75460800B57DF6 /* Embed App Extensions */ = {
			isa = PBXCopyFilesBuildPhase;
			buildActionMask = 2147483647;
			dstPath = "";
			dstSubfolderSpec = 13;
			files = (
				3A45264E1F75460800B57DF6 /* execThumbnail.appex in Embed App Extensions */,
			);
			name = "Embed App Extensions";
			runOnlyForDeploymentPostprocessing = 0;
		};
		3A799BAE1F09402C0095B568 /* Embed Frameworks */ = {
			isa = PBXCopyFilesBuildPhase;
			buildActionMask = 2147483647;
			dstPath = "";
			dstSubfolderSpec = 10;
			files = (
			);
			name = "Embed Frameworks";
			runOnlyForDeploymentPostprocessing = 0;
		};
/* End PBXCopyFilesBuildPhase section */

/* Begin PBXFileReference section */
		070F3DFFF719D6AFF1A9F4AD /* Pods-fastSwift.release.xcconfig */ = {isa = PBXFileReference; includeInIndex = 1; lastKnownFileType = text.xcconfig; name = "Pods-fastSwift.release.xcconfig"; path = "Pods/Target Support Files/Pods-fastSwift/Pods-fastSwift.release.xcconfig"; sourceTree = "<group>"; };
		3A02C9D11F7164020014AF28 /* SetupServerViewController.swift */ = {isa = PBXFileReference; lastKnownFileType = sourcecode.swift; path = SetupServerViewController.swift; sourceTree = "<group>"; };
		3A09B3BE1F23BC010045CAA1 /* TerminalTextView.swift */ = {isa = PBXFileReference; lastKnownFileType = sourcecode.swift; path = TerminalTextView.swift; sourceTree = "<group>"; };
		3A0FF2AE1F1EEB4600AF2D7A /* Timers.swift */ = {isa = PBXFileReference; lastKnownFileType = sourcecode.swift; path = Timers.swift; sourceTree = "<group>"; };
		3A1267D61F00207900049F6E /* GoogleMobileAds.framework */ = {isa = PBXFileReference; lastKnownFileType = wrapper.framework; path = GoogleMobileAds.framework; sourceTree = "<group>"; };
		3A1C6CC41F2002D6001D551C /* ExportToBinaryActivity.swift */ = {isa = PBXFileReference; lastKnownFileType = sourcecode.swift; path = ExportToBinaryActivity.swift; sourceTree = "<group>"; };
		3A2404211EFEC82F00C38D48 /* StoreViewController.swift */ = {isa = PBXFileReference; lastKnownFileType = sourcecode.swift; path = StoreViewController.swift; sourceTree = "<group>"; };
		3A28B2F11F1E9863008A3D8B /* execThumbnail.appex */ = {isa = PBXFileReference; explicitFileType = "wrapper.app-extension"; includeInIndex = 0; path = execThumbnail.appex; sourceTree = BUILT_PRODUCTS_DIR; };
		3A28B2F31F1E9863008A3D8B /* ThumbnailProvider.swift */ = {isa = PBXFileReference; lastKnownFileType = sourcecode.swift; path = ThumbnailProvider.swift; sourceTree = "<group>"; };
		3A28B2F51F1E9863008A3D8B /* Info.plist */ = {isa = PBXFileReference; lastKnownFileType = text.plist.xml; path = Info.plist; sourceTree = "<group>"; };
		3A2B90171F881963001130D5 /* White@3x.png */ = {isa = PBXFileReference; lastKnownFileType = image.png; path = "White@3x.png"; sourceTree = "<group>"; };
		3A2B90181F881963001130D5 /* White@2x.png */ = {isa = PBXFileReference; lastKnownFileType = image.png; path = "White@2x.png"; sourceTree = "<group>"; };
		3A3B0D3D1F0823EB00836D00 /* ServerErrorViewController.swift */ = {isa = PBXFileReference; lastKnownFileType = sourcecode.swift; path = ServerErrorViewController.swift; sourceTree = "<group>"; };
		3A4681DC1F891CA4001FE6D4 /* LaunchScreenViewController.swift */ = {isa = PBXFileReference; lastKnownFileType = sourcecode.swift; path = LaunchScreenViewController.swift; sourceTree = "<group>"; };
		3A4681DE1F89499D001FE6D4 /* Theme.swift */ = {isa = PBXFileReference; lastKnownFileType = sourcecode.swift; path = Theme.swift; sourceTree = "<group>"; };
		3A579F741EFEB70700B4D209 /* AccountManager.swift */ = {isa = PBXFileReference; lastKnownFileType = sourcecode.swift; path = AccountManager.swift; sourceTree = "<group>"; };
		3A5858C61EFF1A4D0036B0AE /* StoreKit.framework */ = {isa = PBXFileReference; lastKnownFileType = wrapper.framework; name = StoreKit.framework; path = System/Library/Frameworks/StoreKit.framework; sourceTree = SDKROOT; };
		3A64F52C1F11380A00C3EBF9 /* ExportToXcodeActivity.swift */ = {isa = PBXFileReference; lastKnownFileType = sourcecode.swift; path = ExportToXcodeActivity.swift; sourceTree = "<group>"; };
		3A6873FB1F11B0F400FA0AF3 /* ExportToXcodeViewController.swift */ = {isa = PBXFileReference; lastKnownFileType = sourcecode.swift; path = ExportToXcodeViewController.swift; sourceTree = "<group>"; };
		3A6A34381F01BD5B00ADC9E5 /* NMTerminalViewController.swift */ = {isa = PBXFileReference; lastKnownFileType = sourcecode.swift; path = NMTerminalViewController.swift; sourceTree = "<group>"; };
		3A6ED5D61F6D7F3000041AAE /* QRScanViewController.swift */ = {isa = PBXFileReference; lastKnownFileType = sourcecode.swift; path = QRScanViewController.swift; sourceTree = "<group>"; };
		3A706E211F701D8300EE16B7 /* GoogleService-Info.plist */ = {isa = PBXFileReference; lastKnownFileType = text.plist.xml; path = "GoogleService-Info.plist"; sourceTree = "<group>"; };
		3A9017761F8AD55100EA6679 /* ErrorLoadingStoreViewController.swift */ = {isa = PBXFileReference; lastKnownFileType = sourcecode.swift; path = ErrorLoadingStoreViewController.swift; sourceTree = "<group>"; };
		3A95F5191F86DA8C00461BE4 /* InstructionsViewController.swift */ = {isa = PBXFileReference; lastKnownFileType = sourcecode.swift; path = InstructionsViewController.swift; sourceTree = "<group>"; };
		3A9771141EED917D00E5E565 /* Samples */ = {isa = PBXFileReference; lastKnownFileType = folder; path = Samples; sourceTree = "<group>"; };
		3A9F395B1F1BCE7600D48F02 /* Settings.bundle */ = {isa = PBXFileReference; lastKnownFileType = "wrapper.plug-in"; path = Settings.bundle; sourceTree = "<group>"; };
		3AB1A9ED1F1BE6CC000455F5 /* Server.swift */ = {isa = PBXFileReference; lastKnownFileType = sourcecode.swift; path = Server.swift; sourceTree = "<group>"; };
		3AB9AE7D1EFDD0B3005B4BBE /* OrganizerTableViewController.swift */ = {isa = PBXFileReference; lastKnownFileType = sourcecode.swift; path = OrganizerTableViewController.swift; sourceTree = "<group>"; };
		3ABE08211F69A162009EDB16 /* MenuViewController.swift */ = {isa = PBXFileReference; lastKnownFileType = sourcecode.swift; path = MenuViewController.swift; sourceTree = "<group>"; };
		3AC2FBC31F2BCE7C00170AEE /* WebViewController.swift */ = {isa = PBXFileReference; lastKnownFileType = sourcecode.swift; path = WebViewController.swift; sourceTree = "<group>"; };
		3AD07F621F1BF769003C47B2 /* SettingsViewController.swift */ = {isa = PBXFileReference; lastKnownFileType = sourcecode.swift; path = SettingsViewController.swift; sourceTree = "<group>"; };
		3AD509C51F12845E007C79C4 /* ExportToXcodeHelpViewController.swift */ = {isa = PBXFileReference; lastKnownFileType = sourcecode.swift; path = ExportToXcodeHelpViewController.swift; sourceTree = "<group>"; };
		3AD72C4F1EEC90EC000C80A9 /* fastSwift.app */ = {isa = PBXFileReference; explicitFileType = wrapper.application; includeInIndex = 0; path = fastSwift.app; sourceTree = BUILT_PRODUCTS_DIR; };
		3AD72C521EEC90EC000C80A9 /* AppDelegate.swift */ = {isa = PBXFileReference; lastKnownFileType = sourcecode.swift; path = AppDelegate.swift; sourceTree = "<group>"; };
		3AD72C541EEC90ED000C80A9 /* DocumentBrowserViewController.swift */ = {isa = PBXFileReference; lastKnownFileType = sourcecode.swift; path = DocumentBrowserViewController.swift; sourceTree = "<group>"; };
		3AD72C561EEC90ED000C80A9 /* DocumentViewController.swift */ = {isa = PBXFileReference; lastKnownFileType = sourcecode.swift; path = DocumentViewController.swift; sourceTree = "<group>"; };
		3AD72C581EEC90ED000C80A9 /* Document.swift */ = {isa = PBXFileReference; lastKnownFileType = sourcecode.swift; path = Document.swift; sourceTree = "<group>"; };
		3AD72C5B1EEC90ED000C80A9 /* Base */ = {isa = PBXFileReference; lastKnownFileType = file.storyboard; name = Base; path = Base.lproj/Main.storyboard; sourceTree = "<group>"; };
		3AD72C5D1EEC90ED000C80A9 /* Assets.xcassets */ = {isa = PBXFileReference; lastKnownFileType = folder.assetcatalog; path = Assets.xcassets; sourceTree = "<group>"; };
		3AD72C601EEC90ED000C80A9 /* Base */ = {isa = PBXFileReference; lastKnownFileType = file.storyboard; name = Base; path = Base.lproj/LaunchScreen.storyboard; sourceTree = "<group>"; };
		3AD72C621EEC90ED000C80A9 /* Info.plist */ = {isa = PBXFileReference; lastKnownFileType = text.plist.xml; path = Info.plist; sourceTree = "<group>"; };
		3AE628901F11BE4100A652F3 /* Licenses.md */ = {isa = PBXFileReference; lastKnownFileType = net.daringfireball.markdown; path = Licenses.md; sourceTree = "<group>"; };
		3AF7E7661EF7288B00F80C6C /* QuickLook.framework */ = {isa = PBXFileReference; lastKnownFileType = wrapper.framework; name = QuickLook.framework; path = System/Library/Frameworks/QuickLook.framework; sourceTree = SDKROOT; };
		3AFB1E871EEDA18000FBCF73 /* AlertManager.swift */ = {isa = PBXFileReference; lastKnownFileType = sourcecode.swift; path = AlertManager.swift; sourceTree = "<group>"; };
		3AFBC23C1F27CC72002A8081 /* PublishToStoreActivity.swift */ = {isa = PBXFileReference; lastKnownFileType = sourcecode.swift; path = PublishToStoreActivity.swift; sourceTree = "<group>"; };
		93679DAC690C0B518ECF2FED /* Pods-fastSwift.debug.xcconfig */ = {isa = PBXFileReference; includeInIndex = 1; lastKnownFileType = text.xcconfig; name = "Pods-fastSwift.debug.xcconfig"; path = "Pods/Target Support Files/Pods-fastSwift/Pods-fastSwift.debug.xcconfig"; sourceTree = "<group>"; };
		EFFB78DBF98A6DA978BBD92B /* Pods_fastSwift.framework */ = {isa = PBXFileReference; explicitFileType = wrapper.framework; includeInIndex = 0; path = Pods_fastSwift.framework; sourceTree = BUILT_PRODUCTS_DIR; };
/* End PBXFileReference section */

/* Begin PBXFrameworksBuildPhase section */
		3A28B2EE1F1E9863008A3D8B /* Frameworks */ = {
			isa = PBXFrameworksBuildPhase;
			buildActionMask = 2147483647;
			files = (
			);
			runOnlyForDeploymentPostprocessing = 0;
		};
		3AD72C4C1EEC90EC000C80A9 /* Frameworks */ = {
			isa = PBXFrameworksBuildPhase;
			buildActionMask = 2147483647;
			files = (
				3ACFA2EA1F74484B000EC9C5 /* Pods_fastSwift.framework in Frameworks */,
				3A1267D71F00207900049F6E /* GoogleMobileAds.framework in Frameworks */,
				3A5858C71EFF1A4D0036B0AE /* StoreKit.framework in Frameworks */,
			);
			runOnlyForDeploymentPostprocessing = 0;
		};
/* End PBXFrameworksBuildPhase section */

/* Begin PBXGroup section */
		2722BE79A8C3AB8295DE8911 /* Frameworks */ = {
			isa = PBXGroup;
			children = (
				3A5858C61EFF1A4D0036B0AE /* StoreKit.framework */,
				EFFB78DBF98A6DA978BBD92B /* Pods_fastSwift.framework */,
				3AF7E7661EF7288B00F80C6C /* QuickLook.framework */,
			);
			name = Frameworks;
			sourceTree = "<group>";
		};
		3A28B2F21F1E9863008A3D8B /* execThumbnail */ = {
			isa = PBXGroup;
			children = (
				3A28B2F31F1E9863008A3D8B /* ThumbnailProvider.swift */,
				3A28B2F51F1E9863008A3D8B /* Info.plist */,
			);
			path = execThumbnail;
			sourceTree = "<group>";
		};
		3A2B90141F881884001130D5 /* White icon */ = {
			isa = PBXGroup;
			children = (
				3A2B90181F881963001130D5 /* White@2x.png */,
				3A2B90171F881963001130D5 /* White@3x.png */,
			);
			path = "White icon";
			sourceTree = "<group>";
		};
		3AD72C461EEC90EC000C80A9 = {
			isa = PBXGroup;
			children = (
				3A9F395B1F1BCE7600D48F02 /* Settings.bundle */,
				3AD72C511EEC90EC000C80A9 /* fastSwift */,
				3A28B2F21F1E9863008A3D8B /* execThumbnail */,
				3AD72C501EEC90EC000C80A9 /* Products */,
				4435635D95B3C270B401E367 /* Pods */,
				2722BE79A8C3AB8295DE8911 /* Frameworks */,
			);
			sourceTree = "<group>";
		};
		3AD72C501EEC90EC000C80A9 /* Products */ = {
			isa = PBXGroup;
			children = (
				3AD72C4F1EEC90EC000C80A9 /* fastSwift.app */,
				3A28B2F11F1E9863008A3D8B /* execThumbnail.appex */,
			);
			name = Products;
			sourceTree = "<group>";
		};
		3AD72C511EEC90EC000C80A9 /* fastSwift */ = {
			isa = PBXGroup;
			children = (
				3A706E211F701D8300EE16B7 /* GoogleService-Info.plist */,
				3A1267D61F00207900049F6E /* GoogleMobileAds.framework */,
				3AD72C521EEC90EC000C80A9 /* AppDelegate.swift */,
				3A4681DE1F89499D001FE6D4 /* Theme.swift */,
				3AFB1E871EEDA18000FBCF73 /* AlertManager.swift */,
				3A0FF2AE1F1EEB4600AF2D7A /* Timers.swift */,
				3AB1A9ED1F1BE6CC000455F5 /* Server.swift */,
				3A579F741EFEB70700B4D209 /* AccountManager.swift */,
				3AD72C541EEC90ED000C80A9 /* DocumentBrowserViewController.swift */,
				3A2404211EFEC82F00C38D48 /* StoreViewController.swift */,
				3AD72C561EEC90ED000C80A9 /* DocumentViewController.swift */,
				3AB9AE7D1EFDD0B3005B4BBE /* OrganizerTableViewController.swift */,
				3A64F52C1F11380A00C3EBF9 /* ExportToXcodeActivity.swift */,
				3A1C6CC41F2002D6001D551C /* ExportToBinaryActivity.swift */,
				3A6873FB1F11B0F400FA0AF3 /* ExportToXcodeViewController.swift */,
				3AFBC23C1F27CC72002A8081 /* PublishToStoreActivity.swift */,
				3AD509C51F12845E007C79C4 /* ExportToXcodeHelpViewController.swift */,
				3AD72C581EEC90ED000C80A9 /* Document.swift */,
				3A6A34381F01BD5B00ADC9E5 /* NMTerminalViewController.swift */,
				3A09B3BE1F23BC010045CAA1 /* TerminalTextView.swift */,
				3A3B0D3D1F0823EB00836D00 /* ServerErrorViewController.swift */,
				3AD07F621F1BF769003C47B2 /* SettingsViewController.swift */,
				3AC2FBC31F2BCE7C00170AEE /* WebViewController.swift */,
				3ABE08211F69A162009EDB16 /* MenuViewController.swift */,
				3A6ED5D61F6D7F3000041AAE /* QRScanViewController.swift */,
				3A02C9D11F7164020014AF28 /* SetupServerViewController.swift */,
				3A95F5191F86DA8C00461BE4 /* InstructionsViewController.swift */,
				3A4681DC1F891CA4001FE6D4 /* LaunchScreenViewController.swift */,
				3A9017761F8AD55100EA6679 /* ErrorLoadingStoreViewController.swift */,
				3AD72C5A1EEC90ED000C80A9 /* Main.storyboard */,
				3AD72C5D1EEC90ED000C80A9 /* Assets.xcassets */,
				3AD72C5F1EEC90ED000C80A9 /* LaunchScreen.storyboard */,
				3AD72C621EEC90ED000C80A9 /* Info.plist */,
				3AE628901F11BE4100A652F3 /* Licenses.md */,
				3A2B90141F881884001130D5 /* White icon */,
				3A9771141EED917D00E5E565 /* Samples */,
			);
			path = fastSwift;
			sourceTree = "<group>";
		};
		4435635D95B3C270B401E367 /* Pods */ = {
			isa = PBXGroup;
			children = (
				93679DAC690C0B518ECF2FED /* Pods-fastSwift.debug.xcconfig */,
				070F3DFFF719D6AFF1A9F4AD /* Pods-fastSwift.release.xcconfig */,
			);
			name = Pods;
			sourceTree = "<group>";
		};
/* End PBXGroup section */

/* Begin PBXNativeTarget section */
		3A28B2F01F1E9863008A3D8B /* execThumbnail */ = {
			isa = PBXNativeTarget;
			buildConfigurationList = 3A28B2F91F1E9863008A3D8B /* Build configuration list for PBXNativeTarget "execThumbnail" */;
			buildPhases = (
				3A28B2ED1F1E9863008A3D8B /* Sources */,
				3A28B2EE1F1E9863008A3D8B /* Frameworks */,
				3A28B2EF1F1E9863008A3D8B /* Resources */,
			);
			buildRules = (
			);
			dependencies = (
			);
			name = execThumbnail;
			productName = execThumbnail;
			productReference = 3A28B2F11F1E9863008A3D8B /* execThumbnail.appex */;
			productType = "com.apple.product-type.app-extension";
		};
		3AD72C4E1EEC90EC000C80A9 /* fastSwift */ = {
			isa = PBXNativeTarget;
			buildConfigurationList = 3AD72C651EEC90ED000C80A9 /* Build configuration list for PBXNativeTarget "fastSwift" */;
			buildPhases = (
				C6093515EE859D57823ED06E /* [CP] Check Pods Manifest.lock */,
				3AD72C4B1EEC90EC000C80A9 /* Sources */,
				3AD72C4C1EEC90EC000C80A9 /* Frameworks */,
				3AD72C4D1EEC90EC000C80A9 /* Resources */,
				225488CA49397682E85AB80A /* [CP] Embed Pods Frameworks */,
				DDD7A1D2A33171957BFD3625 /* [CP] Copy Pods Resources */,
				3A799BAE1F09402C0095B568 /* Embed Frameworks */,
				3A4526511F75460800B57DF6 /* Embed App Extensions */,
			);
			buildRules = (
			);
			dependencies = (
				3A4526501F75460800B57DF6 /* PBXTargetDependency */,
			);
			name = fastSwift;
			productName = fastSwift;
			productReference = 3AD72C4F1EEC90EC000C80A9 /* fastSwift.app */;
			productType = "com.apple.product-type.application";
		};
/* End PBXNativeTarget section */

/* Begin PBXProject section */
		3AD72C471EEC90EC000C80A9 /* Project object */ = {
			isa = PBXProject;
			attributes = {
				LastSwiftUpdateCheck = 0900;
				LastUpgradeCheck = 0900;
				ORGANIZATIONNAME = Adrian;
				TargetAttributes = {
					3A28B2F01F1E9863008A3D8B = {
						CreatedOnToolsVersion = 9.0;
					};
					3AD72C4E1EEC90EC000C80A9 = {
						CreatedOnToolsVersion = 9.0;
						ProvisioningStyle = Automatic;
						SystemCapabilities = {
							com.apple.InAppPurchase = {
								enabled = 1;
							};
						};
					};
				};
			};
			buildConfigurationList = 3AD72C4A1EEC90EC000C80A9 /* Build configuration list for PBXProject "fastSwift" */;
			compatibilityVersion = "Xcode 8.0";
			developmentRegion = en;
			hasScannedForEncodings = 0;
			knownRegions = (
				en,
				Base,
			);
			mainGroup = 3AD72C461EEC90EC000C80A9;
			productRefGroup = 3AD72C501EEC90EC000C80A9 /* Products */;
			projectDirPath = "";
			projectRoot = "";
			targets = (
				3AD72C4E1EEC90EC000C80A9 /* fastSwift */,
				3A28B2F01F1E9863008A3D8B /* execThumbnail */,
			);
		};
/* End PBXProject section */

/* Begin PBXResourcesBuildPhase section */
		3A28B2EF1F1E9863008A3D8B /* Resources */ = {
			isa = PBXResourcesBuildPhase;
			buildActionMask = 2147483647;
			files = (
			);
			runOnlyForDeploymentPostprocessing = 0;
		};
		3AD72C4D1EEC90EC000C80A9 /* Resources */ = {
			isa = PBXResourcesBuildPhase;
			buildActionMask = 2147483647;
			files = (
				3A4681DB1F881E85001FE6D4 /* White@3x.png in Resources */,
				3A4681DA1F881E80001FE6D4 /* White@2x.png in Resources */,
				3A9F395C1F1BCE7600D48F02 /* Settings.bundle in Resources */,
				3A9771151EED917D00E5E565 /* Samples in Resources */,
				3AD72C611EEC90ED000C80A9 /* LaunchScreen.storyboard in Resources */,
				3AD72C5E1EEC90ED000C80A9 /* Assets.xcassets in Resources */,
				3AF7E7771EF72B3600F80C6C /* Info.plist in Resources */,
				3AE628921F11BEC500A652F3 /* Licenses.md in Resources */,
				3AD72C5C1EEC90ED000C80A9 /* Main.storyboard in Resources */,
			);
			runOnlyForDeploymentPostprocessing = 0;
		};
/* End PBXResourcesBuildPhase section */

/* Begin PBXShellScriptBuildPhase section */
		225488CA49397682E85AB80A /* [CP] Embed Pods Frameworks */ = {
			isa = PBXShellScriptBuildPhase;
			buildActionMask = 2147483647;
			files = (
			);
			inputPaths = (
			);
			name = "[CP] Embed Pods Frameworks";
			outputPaths = (
			);
			runOnlyForDeploymentPostprocessing = 0;
			shellPath = /bin/sh;
			shellScript = "\"${SRCROOT}/Pods/Target Support Files/Pods-fastSwift/Pods-fastSwift-frameworks.sh\"\n";
			showEnvVarsInLog = 0;
		};
		C6093515EE859D57823ED06E /* [CP] Check Pods Manifest.lock */ = {
			isa = PBXShellScriptBuildPhase;
			buildActionMask = 2147483647;
			files = (
			);
			inputPaths = (
			);
			name = "[CP] Check Pods Manifest.lock";
			outputPaths = (
			);
			runOnlyForDeploymentPostprocessing = 0;
			shellPath = /bin/sh;
			shellScript = "diff \"${PODS_PODFILE_DIR_PATH}/Podfile.lock\" \"${PODS_ROOT}/Manifest.lock\" > /dev/null\nif [ $? != 0 ] ; then\n    # print error to STDERR\n    echo \"error: The sandbox is not in sync with the Podfile.lock. Run 'pod install' or update your CocoaPods installation.\" >&2\n    exit 1\nfi\n";
			showEnvVarsInLog = 0;
		};
		DDD7A1D2A33171957BFD3625 /* [CP] Copy Pods Resources */ = {
			isa = PBXShellScriptBuildPhase;
			buildActionMask = 2147483647;
			files = (
			);
			inputPaths = (
			);
			name = "[CP] Copy Pods Resources";
			outputPaths = (
			);
			runOnlyForDeploymentPostprocessing = 0;
			shellPath = /bin/sh;
			shellScript = "\"${SRCROOT}/Pods/Target Support Files/Pods-fastSwift/Pods-fastSwift-resources.sh\"\n";
			showEnvVarsInLog = 0;
		};
/* End PBXShellScriptBuildPhase section */

/* Begin PBXSourcesBuildPhase section */
		3A28B2ED1F1E9863008A3D8B /* Sources */ = {
			isa = PBXSourcesBuildPhase;
			buildActionMask = 2147483647;
			files = (
				3A28B2F41F1E9863008A3D8B /* ThumbnailProvider.swift in Sources */,
			);
			runOnlyForDeploymentPostprocessing = 0;
		};
		3AD72C4B1EEC90EC000C80A9 /* Sources */ = {
			isa = PBXSourcesBuildPhase;
			buildActionMask = 2147483647;
			files = (
				3AD5F8C11F745A2B0074D651 /* Licenses.md in Sources */,
				3A3B0D3E1F0823EB00836D00 /* ServerErrorViewController.swift in Sources */,
				3AD72C591EEC90ED000C80A9 /* Document.swift in Sources */,
				3A0FF2AF1F1EEB4600AF2D7A /* Timers.swift in Sources */,
				3A6A34391F01C27D00ADC9E5 /* NMTerminalViewController.swift in Sources */,
				3AC2FBC41F2BCE7C00170AEE /* WebViewController.swift in Sources */,
				3AB9AE7E1EFDD0B3005B4BBE /* OrganizerTableViewController.swift in Sources */,
				3AD72C571EEC90ED000C80A9 /* DocumentViewController.swift in Sources */,
				3AFB1E881EEDA18000FBCF73 /* AlertManager.swift in Sources */,
				3A02C9D21F7164020014AF28 /* SetupServerViewController.swift in Sources */,
				3AD07F631F1BF769003C47B2 /* SettingsViewController.swift in Sources */,
				3A64F52D1F11380A00C3EBF9 /* ExportToXcodeActivity.swift in Sources */,
				3A2404221EFEC82F00C38D48 /* StoreViewController.swift in Sources */,
				3A4681DF1F89499D001FE6D4 /* Theme.swift in Sources */,
				3A4681DD1F891CA4001FE6D4 /* LaunchScreenViewController.swift in Sources */,
				3AFBC23D1F27CC72002A8081 /* PublishToStoreActivity.swift in Sources */,
				3A6ED5D71F6D7F3000041AAE /* QRScanViewController.swift in Sources */,
				3AD72C551EEC90ED000C80A9 /* DocumentBrowserViewController.swift in Sources */,
				3AB1A9EE1F1BE6CC000455F5 /* Server.swift in Sources */,
				3ABE08221F69A162009EDB16 /* MenuViewController.swift in Sources */,
				3A6873FC1F11B0F500FA0AF3 /* ExportToXcodeViewController.swift in Sources */,
				3A9017771F8AD55100EA6679 /* ErrorLoadingStoreViewController.swift in Sources */,
				3AD72C531EEC90EC000C80A9 /* AppDelegate.swift in Sources */,
				3AD509C61F12845F007C79C4 /* ExportToXcodeHelpViewController.swift in Sources */,
				3A1C6CC51F2002D6001D551C /* ExportToBinaryActivity.swift in Sources */,
				3A579F751EFEB70700B4D209 /* AccountManager.swift in Sources */,
				3A95F51A1F86DA8C00461BE4 /* InstructionsViewController.swift in Sources */,
				3A09B3BF1F23BC010045CAA1 /* TerminalTextView.swift in Sources */,
			);
			runOnlyForDeploymentPostprocessing = 0;
		};
/* End PBXSourcesBuildPhase section */

/* Begin PBXTargetDependency section */
		3A4526501F75460800B57DF6 /* PBXTargetDependency */ = {
			isa = PBXTargetDependency;
			target = 3A28B2F01F1E9863008A3D8B /* execThumbnail */;
			targetProxy = 3A45264F1F75460800B57DF6 /* PBXContainerItemProxy */;
		};
/* End PBXTargetDependency section */

/* Begin PBXVariantGroup section */
		3AD72C5A1EEC90ED000C80A9 /* Main.storyboard */ = {
			isa = PBXVariantGroup;
			children = (
				3AD72C5B1EEC90ED000C80A9 /* Base */,
			);
			name = Main.storyboard;
			sourceTree = "<group>";
		};
		3AD72C5F1EEC90ED000C80A9 /* LaunchScreen.storyboard */ = {
			isa = PBXVariantGroup;
			children = (
				3AD72C601EEC90ED000C80A9 /* Base */,
			);
			name = LaunchScreen.storyboard;
			sourceTree = "<group>";
		};
/* End PBXVariantGroup section */

/* Begin XCBuildConfiguration section */
		3A28B2FA1F1E9863008A3D8B /* Debug */ = {
			isa = XCBuildConfiguration;
			buildSettings = {
				CODE_SIGN_IDENTITY = "iPhone Developer";
				"CODE_SIGN_IDENTITY[sdk=iphoneos*]" = "iPhone Developer";
				DEVELOPMENT_TEAM = Y96PL6G497;
				INFOPLIST_FILE = execThumbnail/Info.plist;
				LD_RUNPATH_SEARCH_PATHS = "$(inherited) @executable_path/Frameworks @executable_path/../../Frameworks";
				PRODUCT_BUNDLE_IDENTIFIER = ch.marcela.ada.fastSwift.execThumbnail;
				PRODUCT_NAME = "$(TARGET_NAME)";
				SKIP_INSTALL = YES;
				SWIFT_VERSION = 4.0;
				TARGETED_DEVICE_FAMILY = "1,2";
			};
			name = Debug;
		};
		3A28B2FB1F1E9863008A3D8B /* Release */ = {
			isa = XCBuildConfiguration;
			buildSettings = {
				CODE_SIGN_IDENTITY = "iPhone Developer";
				"CODE_SIGN_IDENTITY[sdk=iphoneos*]" = "iPhone Developer";
				DEVELOPMENT_TEAM = Y96PL6G497;
				INFOPLIST_FILE = execThumbnail/Info.plist;
				LD_RUNPATH_SEARCH_PATHS = "$(inherited) @executable_path/Frameworks @executable_path/../../Frameworks";
				PRODUCT_BUNDLE_IDENTIFIER = ch.marcela.ada.fastSwift.execThumbnail;
				PRODUCT_NAME = "$(TARGET_NAME)";
				SKIP_INSTALL = YES;
				SWIFT_VERSION = 4.0;
				TARGETED_DEVICE_FAMILY = "1,2";
			};
			name = Release;
		};
		3AD72C631EEC90ED000C80A9 /* Debug */ = {
			isa = XCBuildConfiguration;
			buildSettings = {
				ALWAYS_SEARCH_USER_PATHS = NO;
				CLANG_ANALYZER_NONNULL = YES;
				CLANG_ANALYZER_NUMBER_OBJECT_CONVERSION = YES_AGGRESSIVE;
				CLANG_CXX_LANGUAGE_STANDARD = "gnu++14";
				CLANG_CXX_LIBRARY = "libc++";
				CLANG_ENABLE_MODULES = YES;
				CLANG_ENABLE_OBJC_ARC = YES;
				CLANG_WARN_BLOCK_CAPTURE_AUTORELEASING = YES;
				CLANG_WARN_BOOL_CONVERSION = YES;
				CLANG_WARN_COMMA = YES;
				CLANG_WARN_CONSTANT_CONVERSION = YES;
				CLANG_WARN_DIRECT_OBJC_ISA_USAGE = YES_ERROR;
				CLANG_WARN_DOCUMENTATION_COMMENTS = YES;
				CLANG_WARN_EMPTY_BODY = YES;
				CLANG_WARN_ENUM_CONVERSION = YES;
				CLANG_WARN_INFINITE_RECURSION = YES;
				CLANG_WARN_INT_CONVERSION = YES;
				CLANG_WARN_OBJC_ROOT_CLASS = YES_ERROR;
				CLANG_WARN_RANGE_LOOP_ANALYSIS = YES;
				CLANG_WARN_STRICT_PROTOTYPES = YES;
				CLANG_WARN_SUSPICIOUS_MOVE = YES;
				CLANG_WARN_UNGUARDED_AVAILABILITY = YES_AGGRESSIVE;
				CLANG_WARN_UNREACHABLE_CODE = YES;
				CLANG_WARN__DUPLICATE_METHOD_MATCH = YES;
				CODE_SIGN_IDENTITY = "iPhone Developer";
				COPY_PHASE_STRIP = NO;
				DEBUG_INFORMATION_FORMAT = dwarf;
				ENABLE_BITCODE = NO;
				ENABLE_STRICT_OBJC_MSGSEND = YES;
				ENABLE_TESTABILITY = YES;
				GCC_C_LANGUAGE_STANDARD = gnu11;
				GCC_DYNAMIC_NO_PIC = NO;
				GCC_NO_COMMON_BLOCKS = YES;
				GCC_OPTIMIZATION_LEVEL = 0;
				GCC_PREPROCESSOR_DEFINITIONS = (
					"DEBUG=1",
					"$(inherited)",
				);
				GCC_WARN_64_TO_32_BIT_CONVERSION = YES;
				GCC_WARN_ABOUT_RETURN_TYPE = YES_ERROR;
				GCC_WARN_UNDECLARED_SELECTOR = YES;
				GCC_WARN_UNINITIALIZED_AUTOS = YES_AGGRESSIVE;
				GCC_WARN_UNUSED_FUNCTION = YES;
				GCC_WARN_UNUSED_VARIABLE = YES;
				IPHONEOS_DEPLOYMENT_TARGET = 11.0;
				MTL_ENABLE_DEBUG_INFO = YES;
				ONLY_ACTIVE_ARCH = YES;
				SDKROOT = iphoneos;
				SWIFT_ACTIVE_COMPILATION_CONDITIONS = DEBUG;
				SWIFT_OPTIMIZATION_LEVEL = "-Onone";
			};
			name = Debug;
		};
		3AD72C641EEC90ED000C80A9 /* Release */ = {
			isa = XCBuildConfiguration;
			buildSettings = {
				ALWAYS_SEARCH_USER_PATHS = NO;
				CLANG_ANALYZER_NONNULL = YES;
				CLANG_ANALYZER_NUMBER_OBJECT_CONVERSION = YES_AGGRESSIVE;
				CLANG_CXX_LANGUAGE_STANDARD = "gnu++14";
				CLANG_CXX_LIBRARY = "libc++";
				CLANG_ENABLE_MODULES = YES;
				CLANG_ENABLE_OBJC_ARC = YES;
				CLANG_WARN_BLOCK_CAPTURE_AUTORELEASING = YES;
				CLANG_WARN_BOOL_CONVERSION = YES;
				CLANG_WARN_COMMA = YES;
				CLANG_WARN_CONSTANT_CONVERSION = YES;
				CLANG_WARN_DIRECT_OBJC_ISA_USAGE = YES_ERROR;
				CLANG_WARN_DOCUMENTATION_COMMENTS = YES;
				CLANG_WARN_EMPTY_BODY = YES;
				CLANG_WARN_ENUM_CONVERSION = YES;
				CLANG_WARN_INFINITE_RECURSION = YES;
				CLANG_WARN_INT_CONVERSION = YES;
				CLANG_WARN_OBJC_ROOT_CLASS = YES_ERROR;
				CLANG_WARN_RANGE_LOOP_ANALYSIS = YES;
				CLANG_WARN_STRICT_PROTOTYPES = YES;
				CLANG_WARN_SUSPICIOUS_MOVE = YES;
				CLANG_WARN_UNGUARDED_AVAILABILITY = YES_AGGRESSIVE;
				CLANG_WARN_UNREACHABLE_CODE = YES;
				CLANG_WARN__DUPLICATE_METHOD_MATCH = YES;
				CODE_SIGN_IDENTITY = "iPhone Developer";
				COPY_PHASE_STRIP = NO;
				DEBUG_INFORMATION_FORMAT = "dwarf-with-dsym";
				ENABLE_BITCODE = NO;
				ENABLE_NS_ASSERTIONS = NO;
				ENABLE_STRICT_OBJC_MSGSEND = YES;
				GCC_C_LANGUAGE_STANDARD = gnu11;
				GCC_NO_COMMON_BLOCKS = YES;
				GCC_WARN_64_TO_32_BIT_CONVERSION = YES;
				GCC_WARN_ABOUT_RETURN_TYPE = YES_ERROR;
				GCC_WARN_UNDECLARED_SELECTOR = YES;
				GCC_WARN_UNINITIALIZED_AUTOS = YES_AGGRESSIVE;
				GCC_WARN_UNUSED_FUNCTION = YES;
				GCC_WARN_UNUSED_VARIABLE = YES;
				IPHONEOS_DEPLOYMENT_TARGET = 11.0;
				MTL_ENABLE_DEBUG_INFO = NO;
				SDKROOT = iphoneos;
				SWIFT_OPTIMIZATION_LEVEL = "-Owholemodule";
				VALIDATE_PRODUCT = YES;
			};
			name = Release;
		};
		3AD72C661EEC90ED000C80A9 /* Debug */ = {
			isa = XCBuildConfiguration;
			baseConfigurationReference = 93679DAC690C0B518ECF2FED /* Pods-fastSwift.debug.xcconfig */;
			buildSettings = {
				ALWAYS_EMBED_SWIFT_STANDARD_LIBRARIES = YES;
				ASSETCATALOG_COMPILER_APPICON_NAME = AppIcon;
				CODE_SIGN_IDENTITY = "iPhone Developer";
				"CODE_SIGN_IDENTITY[sdk=iphoneos*]" = "iPhone Developer";
				CODE_SIGN_STYLE = Automatic;
				DEVELOPMENT_TEAM = Y96PL6G497;
				FRAMEWORK_SEARCH_PATHS = (
					"$(inherited)",
					"$(PROJECT_DIR)/fastSwift",
				);
				INFOPLIST_FILE = fastSwift/Info.plist;
				LD_RUNPATH_SEARCH_PATHS = "$(inherited) @executable_path/Frameworks";
				PRODUCT_BUNDLE_IDENTIFIER = ch.marcela.ada.fastSwift;
				PRODUCT_NAME = "$(TARGET_NAME)";
				PROVISIONING_PROFILE = "";
				PROVISIONING_PROFILE_SPECIFIER = "";
				SWIFT_VERSION = 4.0;
				TARGETED_DEVICE_FAMILY = "1,2";
			};
			name = Debug;
		};
		3AD72C671EEC90ED000C80A9 /* Release */ = {
			isa = XCBuildConfiguration;
			baseConfigurationReference = 070F3DFFF719D6AFF1A9F4AD /* Pods-fastSwift.release.xcconfig */;
			buildSettings = {
				ALWAYS_EMBED_SWIFT_STANDARD_LIBRARIES = YES;
				ASSETCATALOG_COMPILER_APPICON_NAME = AppIcon;
				CODE_SIGN_IDENTITY = "iPhone Developer";
				"CODE_SIGN_IDENTITY[sdk=iphoneos*]" = "iPhone Developer";
				CODE_SIGN_STYLE = Automatic;
				DEVELOPMENT_TEAM = Y96PL6G497;
				FRAMEWORK_SEARCH_PATHS = (
					"$(inherited)",
					"$(PROJECT_DIR)/fastSwift",
				);
				INFOPLIST_FILE = fastSwift/Info.plist;
				LD_RUNPATH_SEARCH_PATHS = "$(inherited) @executable_path/Frameworks";
				PRODUCT_BUNDLE_IDENTIFIER = ch.marcela.ada.fastSwift;
				PRODUCT_NAME = "$(TARGET_NAME)";
				PROVISIONING_PROFILE_SPECIFIER = "";
				SWIFT_VERSION = 4.0;
				TARGETED_DEVICE_FAMILY = "1,2";
			};
			name = Release;
		};
/* End XCBuildConfiguration section */

/* Begin XCConfigurationList section */
		3A28B2F91F1E9863008A3D8B /* Build configuration list for PBXNativeTarget "execThumbnail" */ = {
			isa = XCConfigurationList;
			buildConfigurations = (
				3A28B2FA1F1E9863008A3D8B /* Debug */,
				3A28B2FB1F1E9863008A3D8B /* Release */,
			);
			defaultConfigurationIsVisible = 0;
			defaultConfigurationName = Release;
		};
		3AD72C4A1EEC90EC000C80A9 /* Build configuration list for PBXProject "fastSwift" */ = {
			isa = XCConfigurationList;
			buildConfigurations = (
				3AD72C631EEC90ED000C80A9 /* Debug */,
				3AD72C641EEC90ED000C80A9 /* Release */,
			);
			defaultConfigurationIsVisible = 0;
			defaultConfigurationName = Release;
		};
		3AD72C651EEC90ED000C80A9 /* Build configuration list for PBXNativeTarget "fastSwift" */ = {
			isa = XCConfigurationList;
			buildConfigurations = (
				3AD72C661EEC90ED000C80A9 /* Debug */,
				3AD72C671EEC90ED000C80A9 /* Release */,
			);
			defaultConfigurationIsVisible = 0;
			defaultConfigurationName = Release;
		};
/* End XCConfigurationList section */
	};
	rootObject = 3AD72C471EEC90EC000C80A9 /* Project object */;
}
